
Microsoft Visual Studio Solution File, Format Version 12.00
# Visual Studio Version 16
VisualStudioVersion = 16.0.31410.357
MinimumVisualStudioVersion = 10.0.40219.1
Project("{9A19103F-16F7-4668-BE54-9A1E7A4F7556}") = "SignalR-Server", "SignalR-Server\SignalR-Server.csproj", "{66B23BCA-F278-43AE-9686-1F84E288AFA7}"
EndProject
Global
	GlobalSection(SolutionConfigurationPlatforms) = preSolution
		Debug|Any CPU = Debug|Any CPU
		Release|Any CPU = Release|Any CPU
	EndGlobalSection
	GlobalSection(ProjectConfigurationPlatforms) = postSolution
		{66B23BCA-F278-43AE-9686-1F84E288AFA7}.Debug|Any CPU.ActiveCfg = Debug|Any CPU
		{66B23BCA-F278-43AE-9686-1F84E288AFA7}.Debug|Any CPU.Build.0 = Debug|Any CPU
		{66B23BCA-F278-43AE-9686-1F84E288AFA7}.Release|Any CPU.ActiveCfg = Release|Any CPU
		{66B23BCA-F278-43AE-9686-1F84E288AFA7}.Release|Any CPU.Build.0 = Release|Any CPU
	EndGlobalSection
	GlobalSection(SolutionProperties) = preSolution
		HideSolutionNode = FALSE
	EndGlobalSection
	GlobalSection(ExtensibilityGlobals) = postSolution
		SolutionGuid = {F5360F41-6954-455E-89C7-822231FD00B7}
	EndGlobalSection
EndGlobal
